#MicroXplorer Configuration settings - do not modify
CAD.formats=
CAD.pinconfig=
CAD.provider=
File.Version=6
GPIO.groupedBy=Group By Peripherals
I2C1.I2C_Coeff_DF=7
I2C1.I2C_Fall_Time=50
I2C1.I2C_Rise_Time=50
I2C1.IPParameters=Timing,Speed,I2C_Rise_Time,I2C_Fall_Time,I2C_Coeff_DF,Timeout,SMBusOwnAddress,SMBusPeripheralMode,SMBusNoStretchMode
I2C1.SMBusNoStretchMode=SMBUS_NOSTRETCH_DISABLE
I2C1.SMBusOwnAddress=0x0c
I2C1.SMBusPeripheralMode=SMBUS_PERIPHERAL_MODE_SMBUS_HOST
I2C1.Speed=100
I2C1.Timeout=0x0000800C
I2C1.Timing=0x00000000
KeepUserPlacement=false
Mcu.CPN=STM32L031F6P6
Mcu.Family=STM32L0
Mcu.IP0=I2C1
Mcu.IP1=NVIC
Mcu.IP2=RCC
Mcu.IP3=RTC
Mcu.IP4=SYS
Mcu.IP5=TIM2
Mcu.IPNb=6
Mcu.Name=STM32L031F(4-6)Px
Mcu.Package=TSSOP20
Mcu.Pin0=PC14-OSC32_IN
Mcu.Pin1=PC15-OSC32_OUT
Mcu.Pin10=VP_RTC_VS_RTC_Alarm_B_Intern
Mcu.Pin11=VP_RTC_VS_RTC_Alarm_A_Intern
Mcu.Pin12=VP_SYS_VS_Systick
Mcu.Pin13=VP_SYS_VS_LPOM
Mcu.Pin14=VP_TIM2_VS_ClockSourceINT
Mcu.Pin2=PA0-CK_IN
Mcu.Pin3=PA2
Mcu.Pin4=PA9
Mcu.Pin5=PA10
Mcu.Pin6=PA13
Mcu.Pin7=PA14
Mcu.Pin8=VP_RTC_VS_RTC_Activate
Mcu.Pin9=VP_RTC_VS_RTC_Calendar
Mcu.PinsNb=15
Mcu.ThirdPartyNb=0
Mcu.UserConstants=
Mcu.UserName=STM32L031F6Px
MxCube.Version=6.13.0
MxDb.Version=DB.6.0.130
NVIC.ForceEnableDMAVector=true
NVIC.HardFault_IRQn=true\:0\:0\:false\:false\:true\:false\:false\:false
NVIC.I2C1_IRQn=true\:0\:0\:false\:false\:true\:true\:true\:true
NVIC.NonMaskableInt_IRQn=true\:0\:0\:false\:false\:true\:false\:false\:false
NVIC.PendSV_IRQn=true\:0\:0\:false\:false\:true\:false\:false\:false
NVIC.SVC_IRQn=true\:0\:0\:false\:false\:true\:false\:false\:true
NVIC.SysTick_IRQn=true\:3\:0\:false\:false\:true\:false\:true\:false
NVIC.TIM2_IRQn=true\:0\:0\:false\:false\:true\:true\:true\:true
PA0-CK_IN.Locked=true
PA0-CK_IN.Signal=GPIO_Input
PA10.GPIOParameters=GPIO_Pu
PA10.GPIO_Pu=GPIO_PULLUP
PA10.Mode=SMBus-two-wire-Interface
PA10.Signal=I2C1_SDA
PA13.Mode=Serial_Wire
PA13.Signal=SYS_SWDIO
PA14.Mode=Serial_Wire
PA14.Signal=SYS_SWCLK
PA2.Mode=WakeUpAF1
PA2.Signal=RTC_OUT_ALARM
PA9.GPIOParameters=GPIO_Pu
PA9.GPIO_Pu=GPIO_PULLUP
PA9.Mode=SMBus-two-wire-Interface
PA9.Signal=I2C1_SCL
PC14-OSC32_IN.Mode=LSE-External-Oscillator
PC14-OSC32_IN.Signal=RCC_OSC32_IN
PC15-OSC32_OUT.Mode=LSE-External-Oscillator
PC15-OSC32_OUT.Signal=RCC_OSC32_OUT
PinOutPanel.RotationAngle=0
ProjectManager.AskForMigrate=true
ProjectManager.BackupPrevious=false
ProjectManager.CompilerOptimize=6
ProjectManager.ComputerToolchain=false
ProjectManager.CoupleFile=true
ProjectManager.CustomerFirmwarePackage=
ProjectManager.DefaultFWLocation=true
ProjectManager.DeletePrevious=true
ProjectManager.DeviceId=STM32L031F6Px
ProjectManager.FirmwarePackage=STM32Cube FW_L0 V1.12.2
ProjectManager.FreePins=false
ProjectManager.HalAssertFull=false
ProjectManager.HeapSize=0x200
ProjectManager.KeepUserCode=true
ProjectManager.LastFirmware=true
ProjectManager.LibraryCopy=1
ProjectManager.MainLocation=Core/Src
ProjectManager.NoMain=false
ProjectManager.PreviousToolchain=STM32CubeIDE
ProjectManager.ProjectBuild=false
ProjectManager.ProjectFileName=dart_bms.ioc
ProjectManager.ProjectName=dart_bms
ProjectManager.ProjectStructure=
ProjectManager.RegisterCallBack=
ProjectManager.StackSize=0x400
ProjectManager.TargetToolchain=STM32CubeIDE
ProjectManager.ToolChainLocation=
ProjectManager.UAScriptAfterPath=
ProjectManager.UAScriptBeforePath=
ProjectManager.UnderRoot=true
ProjectManager.functionlistsort=1-SystemClock_Config-RCC-false-HAL-false,2-MX_GPIO_Init-GPIO-false-HAL-true,3-MX_TIM2_Init-TIM2-false-HAL-true,4-MX_I2C1_SMBUS_Init-I2C1-false-HAL-true,5-MX_RTC_Init-RTC-false-HAL-true
RCC.AHBFreq_Value=1048000
RCC.APB1Freq_Value=1048000
RCC.APB1TimFreq_Value=1048000
RCC.APB2Freq_Value=1048000
RCC.APB2TimFreq_Value=1048000
RCC.FCLKCortexFreq_Value=1048000
RCC.FamilyName=M
RCC.HCLKFreq_Value=1048000
RCC.HSE_VALUE=8000000
RCC.HSI16_VALUE=16000000
RCC.HSI_VALUE=16000000
RCC.I2C1Freq_Value=1048000
RCC.IPParameters=AHBFreq_Value,APB1Freq_Value,APB1TimFreq_Value,APB2Freq_Value,APB2TimFreq_Value,FCLKCortexFreq_Value,FamilyName,HCLKFreq_Value,HSE_VALUE,HSI16_VALUE,HSI_VALUE,I2C1Freq_Value,LPTIMFreq_Value,LPUARTFreq_Value,LSI_VALUE,MCOPinFreq_Value,MSIClockRange,MSI_VALUE,PLLCLKFreq_Value,RTCClockSelection,RTCClockSelectionVirtual,RTCFreq_Value,RTCHSEDivFreq_Value,SYSCLKFreq_VALUE,TIMFreq_Value,TimerFreq_Value,USART2Freq_Value,VCOOutputFreq_Value,WatchDogFreq_Value
RCC.LPTIMFreq_Value=1048000
RCC.LPUARTFreq_Value=1048000
RCC.LSI_VALUE=37000
RCC.MCOPinFreq_Value=1048000
RCC.MSIClockRange=RCC_MSIRANGE_4
RCC.MSI_VALUE=1048000
RCC.PLLCLKFreq_Value=24000000
RCC.RTCClockSelection=RCC_RTCCLKSOURCE_LSE
RCC.RTCClockSelectionVirtual=RCC_RTCCLKSOURCE_LSE
RCC.RTCFreq_Value=32768
RCC.RTCHSEDivFreq_Value=4000000
RCC.SYSCLKFreq_VALUE=1048000
RCC.TIMFreq_Value=1048000
RCC.TimerFreq_Value=1048000
RCC.USART2Freq_Value=1048000
RCC.VCOOutputFreq_Value=48000000
RCC.WatchDogFreq_Value=37000
RTC.Alarm-Alarm\ A=RTC_ALARM_A
RTC.AlarmDateWeekDay-Alarm\ A=29
RTC.AlarmMaskDateWeekDay-Alarm\ A=RTC_ALARMMASK_DATEWEEKDAY
RTC.AlarmMaskDateWeekDay_B-Alarm\ B=RTC_ALARMMASK_DATEWEEKDAY
RTC.AlarmMaskHours_B-Alarm\ B=RTC_ALARMMASK_HOURS
RTC.AlarmMaskMinutes_B-Alarm\ B=RTC_ALARMMASK_MINUTES
RTC.Alarm_B-Alarm\ B=RTC_ALARM_B
RTC.Date=29
RTC.Hours=20
RTC.Hours_A-Alarm\ A=21
RTC.Hours_B-Alarm\ B=21
RTC.IPParameters=Alarm-Alarm A,Alarm_B-Alarm B,Hours,Minutes,Seconds,WeekDay,Month,Date,Year,Hours_A-Alarm A,Minutes_A-Alarm A,AlarmMaskDateWeekDay-Alarm A,AlarmMaskDateWeekDay_B-Alarm B,AlarmMaskHours_B-Alarm B,AlarmMaskMinutes_B-Alarm B,Hours_B-Alarm B,Seconds_B-Alarm B,AlarmDateWeekDay-Alarm A,Minutes_B-Alarm B,WakeUpClock-WakeUpAF1,WakeUpCounter-WakeUpAF1
RTC.Minutes=59
RTC.Minutes_A-Alarm\ A=15
RTC.Minutes_B-Alarm\ B=0
RTC.Month=RTC_MONTH_DECEMBER
RTC.Seconds=15
RTC.Seconds_B-Alarm\ B=0
RTC.WakeUpClock-WakeUpAF1=RTC_WAKEUPCLOCK_CK_SPRE_16BITS
RTC.WakeUpCounter-WakeUpAF1=10
RTC.WeekDay=RTC_WEEKDAY_WEDNESDAY
RTC.Year=24
TIM2.ClockDivision=TIM_CLOCKDIVISION_DIV4
TIM2.IPParameters=ClockDivision,Period
TIM2.Period=2620
VP_RTC_VS_RTC_Activate.Mode=RTC_Enabled
VP_RTC_VS_RTC_Activate.Signal=RTC_VS_RTC_Activate
VP_RTC_VS_RTC_Alarm_A_Intern.Mode=Alarm A
VP_RTC_VS_RTC_Alarm_A_Intern.Signal=RTC_VS_RTC_Alarm_A_Intern
VP_RTC_VS_RTC_Alarm_B_Intern.Mode=Alarm B
VP_RTC_VS_RTC_Alarm_B_Intern.Signal=RTC_VS_RTC_Alarm_B_Intern
VP_RTC_VS_RTC_Calendar.Mode=RTC_Calendar
VP_RTC_VS_RTC_Calendar.Signal=RTC_VS_RTC_Calendar
VP_SYS_VS_LPOM.Mode=PowerOptimisation
VP_SYS_VS_LPOM.Signal=SYS_VS_LPOM
VP_SYS_VS_Systick.Mode=SysTick
VP_SYS_VS_Systick.Signal=SYS_VS_Systick
VP_TIM2_VS_ClockSourceINT.Mode=Internal
VP_TIM2_VS_ClockSourceINT.Signal=TIM2_VS_ClockSourceINT
board=custom
